
Microsoft Visual Studio Solution File, Format Version 12.00
# Visual Studio Version 16
VisualStudioVersion = 16.0.28917.181
MinimumVisualStudioVersion = 10.0.40219.1
Project("{FAE04EC0-301F-11D3-BF4B-00C04F79EFBC}") = "ForMenWeb", "ForMenWeb\ForMenWeb.csproj", "{5F48D5D5-3766-409C-9A91-4C41A977AB4F}"
EndProject
Global
	GlobalSection(SolutionConfigurationPlatforms) = preSolution
		Debug|Any CPU = Debug|Any CPU
		Release|Any CPU = Release|Any CPU
	EndGlobalSection
	GlobalSection(ProjectConfigurationPlatforms) = postSolution
		{5F48D5D5-3766-409C-9A91-4C41A977AB4F}.Debug|Any CPU.ActiveCfg = Debug|Any CPU
		{5F48D5D5-3766-409C-9A91-4C41A977AB4F}.Debug|Any CPU.Build.0 = Debug|Any CPU
		{5F48D5D5-3766-409C-9A91-4C41A977AB4F}.Release|Any CPU.ActiveCfg = Release|Any CPU
		{5F48D5D5-3766-409C-9A91-4C41A977AB4F}.Release|Any CPU.Build.0 = Release|Any CPU
	EndGlobalSection
	GlobalSection(SolutionProperties) = preSolution
		HideSolutionNode = FALSE
	EndGlobalSection
	GlobalSection(ExtensibilityGlobals) = postSolution
		SolutionGuid = {EFE62E4B-4937-4B74-ADE8-0BB8141A665A}
	EndGlobalSection
EndGlobal
