
Microsoft Visual Studio Solution File, Format Version 12.00
# Visual Studio Version 16
VisualStudioVersion = 16.0.28917.181
MinimumVisualStudioVersion = 10.0.40219.1
Project("{FAE04EC0-301F-11D3-BF4B-00C04F79EFBC}") = "SportShopService", "SportShopService\SportShopService.csproj", "{DDA7F1CE-2D0D-45C8-AD7C-B7939AC50F24}"
EndProject
Global
	GlobalSection(SolutionConfigurationPlatforms) = preSolution
		Debug|Any CPU = Debug|Any CPU
		Release|Any CPU = Release|Any CPU
	EndGlobalSection
	GlobalSection(ProjectConfigurationPlatforms) = postSolution
		{DDA7F1CE-2D0D-45C8-AD7C-B7939AC50F24}.Debug|Any CPU.ActiveCfg = Debug|Any CPU
		{DDA7F1CE-2D0D-45C8-AD7C-B7939AC50F24}.Debug|Any CPU.Build.0 = Debug|Any CPU
		{DDA7F1CE-2D0D-45C8-AD7C-B7939AC50F24}.Release|Any CPU.ActiveCfg = Release|Any CPU
		{DDA7F1CE-2D0D-45C8-AD7C-B7939AC50F24}.Release|Any CPU.Build.0 = Release|Any CPU
	EndGlobalSection
	GlobalSection(SolutionProperties) = preSolution
		HideSolutionNode = FALSE
	EndGlobalSection
	GlobalSection(ExtensibilityGlobals) = postSolution
		SolutionGuid = {AD44DAD9-DD2D-4477-A4B6-8C426F6A2EEC}
	EndGlobalSection
EndGlobal
